// !$*UTF8*$!
{
	archiveVersion = 1;
	classes = {
	};
	objectVersion = 50;
	objects = {

/* Begin PBXBuildFile section */
		8EFEF46F2243740C006BA13C /* AppDelegate.swift in Sources */ = {isa = PBXBuildFile; fileRef = 8EFEF46E2243740C006BA13C /* AppDelegate.swift */; };
		8EFEF4712243740C006BA13C /* ViewController.swift in Sources */ = {isa = PBXBuildFile; fileRef = 8EFEF4702243740C006BA13C /* ViewController.swift */; };
		8EFEF4742243740C006BA13C /* Main.storyboard in Resources */ = {isa = PBXBuildFile; fileRef = 8EFEF4722243740C006BA13C /* Main.storyboard */; };
		8EFEF4762243740F006BA13C /* Assets.xcassets in Resources */ = {isa = PBXBuildFile; fileRef = 8EFEF4752243740F006BA13C /* Assets.xcassets */; };
		8EFEF4792243740F006BA13C /* LaunchScreen.storyboard in Resources */ = {isa = PBXBuildFile; fileRef = 8EFEF4772243740F006BA13C /* LaunchScreen.storyboard */; };
		8EFEF4822243744E006BA13C /* BuildingView.swift in Sources */ = {isa = PBXBuildFile; fileRef = 8EFEF4802243744E006BA13C /* BuildingView.swift */; };
		8EFEF4832243744E006BA13C /* Misc.swift in Sources */ = {isa = PBXBuildFile; fileRef = 8EFEF4812243744E006BA13C /* Misc.swift */; };
		8EFEF48622438B9F006BA13C /* InfiniteScrollView.swift in Sources */ = {isa = PBXBuildFile; fileRef = 8EFEF48522438B9F006BA13C /* InfiniteScrollView.swift */; };
/* End PBXBuildFile section */

/* Begin PBXFileReference section */
		8EFEF46B2243740C006BA13C /* StreetView.app */ = {isa = PBXFileReference; explicitFileType = wrapper.application; includeInIndex = 0; path = StreetView.app; sourceTree = BUILT_PRODUCTS_DIR; };
		8EFEF46E2243740C006BA13C /* AppDelegate.swift */ = {isa = PBXFileReference; lastKnownFileType = sourcecode.swift; path = AppDelegate.swift; sourceTree = "<group>"; };
		8EFEF4702243740C006BA13C /* ViewController.swift */ = {isa = PBXFileReference; lastKnownFileType = sourcecode.swift; path = ViewController.swift; sourceTree = "<group>"; };
		8EFEF4732243740C006BA13C /* Base */ = {isa = PBXFileReference; lastKnownFileType = file.storyboard; name = Base; path = Base.lproj/Main.storyboard; sourceTree = "<group>"; };
		8EFEF4752243740F006BA13C /* Assets.xcassets */ = {isa = PBXFileReference; lastKnownFileType = folder.assetcatalog; path = Assets.xcassets; sourceTree = "<group>"; };
		8EFEF4782243740F006BA13C /* Base */ = {isa = PBXFileReference; lastKnownFileType = file.storyboard; name = Base; path = Base.lproj/LaunchScreen.storyboard; sourceTree = "<group>"; };
		8EFEF47A2243740F006BA13C /* Info.plist */ = {isa = PBXFileReference; lastKnownFileType = text.plist.xml; path = Info.plist; sourceTree = "<group>"; };
		8EFEF4802243744E006BA13C /* BuildingView.swift */ = {isa = PBXFileReference; fileEncoding = 4; lastKnownFileType = sourcecode.swift; path = BuildingView.swift; sourceTree = "<group>"; };
		8EFEF4812243744E006BA13C /* Misc.swift */ = {isa = PBXFileReference; fileEncoding = 4; lastKnownFileType = sourcecode.swift; path = Misc.swift; sourceTree = "<group>"; };
		8EFEF48522438B9F006BA13C /* InfiniteScrollView.swift */ = {isa = PBXFileReference; lastKnownFileType = sourcecode.swift; path = InfiniteScrollView.swift; sourceTree = "<group>"; };
/* End PBXFileReference section */

/* Begin PBXFrameworksBuildPhase section */
		8EFEF4682243740C006BA13C /* Frameworks */ = {
			isa = PBXFrameworksBuildPhase;
			buildActionMask = 2147483647;
			files = (
			);
			runOnlyForDeploymentPostprocessing = 0;
		};
/* End PBXFrameworksBuildPhase section */

/* Begin PBXGroup section */
		8EFEF4622243740C006BA13C = {
			isa = PBXGroup;
			children = (
				8EFEF46D2243740C006BA13C /* StreetView */,
				8EFEF46C2243740C006BA13C /* Products */,
			);
			sourceTree = "<group>";
		};
		8EFEF46C2243740C006BA13C /* Products */ = {
			isa = PBXGroup;
			children = (
				8EFEF46B2243740C006BA13C /* StreetView.app */,
			);
			name = Products;
			sourceTree = "<group>";
		};
		8EFEF46D2243740C006BA13C /* StreetView */ = {
			isa = PBXGroup;
			children = (
				8EFEF484224374C8006BA13C /* Views */,
				8EFEF4812243744E006BA13C /* Misc.swift */,
				8EFEF46E2243740C006BA13C /* AppDelegate.swift */,
				8EFEF4702243740C006BA13C /* ViewController.swift */,
				8EFEF4722243740C006BA13C /* Main.storyboard */,
				8EFEF4752243740F006BA13C /* Assets.xcassets */,
				8EFEF4772243740F006BA13C /* LaunchScreen.storyboard */,
				8EFEF47A2243740F006BA13C /* Info.plist */,
			);
			path = StreetView;
			sourceTree = "<group>";
		};
		8EFEF484224374C8006BA13C /* Views */ = {
			isa = PBXGroup;
			children = (
				8EFEF4802243744E006BA13C /* BuildingView.swift */,
				8EFEF48522438B9F006BA13C /* InfiniteScrollView.swift */,
			);
			path = Views;
			sourceTree = "<group>";
		};
/* End PBXGroup section */

/* Begin PBXNativeTarget section */
		8EFEF46A2243740C006BA13C /* StreetView */ = {
			isa = PBXNativeTarget;
			buildConfigurationList = 8EFEF47D2243740F006BA13C /* Build configuration list for PBXNativeTarget "StreetView" */;
			buildPhases = (
				8EFEF4672243740C006BA13C /* Sources */,
				8EFEF4682243740C006BA13C /* Frameworks */,
				8EFEF4692243740C006BA13C /* Resources */,
			);
			buildRules = (
			);
			dependencies = (
			);
			name = StreetView;
			productName = StreetView;
			productReference = 8EFEF46B2243740C006BA13C /* StreetView.app */;
			productType = "com.apple.product-type.application";
		};
/* End PBXNativeTarget section */

/* Begin PBXProject section */
		8EFEF4632243740C006BA13C /* Project object */ = {
			isa = PBXProject;
			attributes = {
				LastSwiftUpdateCheck = 1010;
				LastUpgradeCheck = 1010;
				ORGANIZATIONNAME = "Kamil Czerniak";
				TargetAttributes = {
					8EFEF46A2243740C006BA13C = {
						CreatedOnToolsVersion = 10.1;
					};
				};
			};
			buildConfigurationList = 8EFEF4662243740C006BA13C /* Build configuration list for PBXProject "StreetView" */;
			compatibilityVersion = "Xcode 9.3";
			developmentRegion = en;
			hasScannedForEncodings = 0;
			knownRegions = (
				en,
				Base,
			);
			mainGroup = 8EFEF4622243740C006BA13C;
			productRefGroup = 8EFEF46C2243740C006BA13C /* Products */;
			projectDirPath = "";
			projectRoot = "";
			targets = (
				8EFEF46A2243740C006BA13C /* StreetView */,
			);
		};
/* End PBXProject section */

/* Begin PBXResourcesBuildPhase section */
		8EFEF4692243740C006BA13C /* Resources */ = {
			isa = PBXResourcesBuildPhase;
			buildActionMask = 2147483647;
			files = (
				8EFEF4792243740F006BA13C /* LaunchScreen.storyboard in Resources */,
				8EFEF4762243740F006BA13C /* Assets.xcassets in Resources */,
				8EFEF4742243740C006BA13C /* Main.storyboard in Resources */,
			);
			runOnlyForDeploymentPostprocessing = 0;
		};
/* End PBXResourcesBuildPhase section */

/* Begin PBXSourcesBuildPhase section */
		8EFEF4672243740C006BA13C /* Sources */ = {
			isa = PBXSourcesBuildPhase;
			buildActionMask = 2147483647;
			files = (
				8EFEF4712243740C006BA13C /* ViewController.swift in Sources */,
				8EFEF4832243744E006BA13C /* Misc.swift in Sources */,
				8EFEF48622438B9F006BA13C /* InfiniteScrollView.swift in Sources */,
				8EFEF4822243744E006BA13C /* BuildingView.swift in Sources */,
				8EFEF46F2243740C006BA13C /* AppDelegate.swift in Sources */,
			);
			runOnlyForDeploymentPostprocessing = 0;
		};
/* End PBXSourcesBuildPhase section */

/* Begin PBXVariantGroup section */
		8EFEF4722243740C006BA13C /* Main.storyboard */ = {
			isa = PBXVariantGroup;
			children = (
				8EFEF4732243740C006BA13C /* Base */,
			);
			name = Main.storyboard;
			sourceTree = "<group>";
		};
		8EFEF4772243740F006BA13C /* LaunchScreen.storyboard */ = {
			isa = PBXVariantGroup;
			children = (
				8EFEF4782243740F006BA13C /* Base */,
			);
			name = LaunchScreen.storyboard;
			sourceTree = "<group>";
		};
/* End PBXVariantGroup section */

/* Begin XCBuildConfiguration section */
		8EFEF47B2243740F006BA13C /* Debug */ = {
			isa = XCBuildConfiguration;
			buildSettings = {
				ALWAYS_SEARCH_USER_PATHS = NO;
				CLANG_ANALYZER_NONNULL = YES;
				CLANG_ANALYZER_NUMBER_OBJECT_CONVERSION = YES_AGGRESSIVE;
				CLANG_CXX_LANGUAGE_STANDARD = "gnu++14";
				CLANG_CXX_LIBRARY = "libc++";
				CLANG_ENABLE_MODULES = YES;
				CLANG_ENABLE_OBJC_ARC = YES;
				CLANG_ENABLE_OBJC_WEAK = YES;
				CLANG_WARN_BLOCK_CAPTURE_AUTORELEASING = YES;
				CLANG_WARN_BOOL_CONVERSION = YES;
				CLANG_WARN_COMMA = YES;
				CLANG_WARN_CONSTANT_CONVERSION = YES;
				CLANG_WARN_DEPRECATED_OBJC_IMPLEMENTATIONS = YES;
				CLANG_WARN_DIRECT_OBJC_ISA_USAGE = YES_ERROR;
				CLANG_WARN_DOCUMENTATION_COMMENTS = YES;
				CLANG_WARN_EMPTY_BODY = YES;
				CLANG_WARN_ENUM_CONVERSION = YES;
				CLANG_WARN_INFINITE_RECURSION = YES;
				CLANG_WARN_INT_CONVERSION = YES;
				CLANG_WARN_NON_LITERAL_NULL_CONVERSION = YES;
				CLANG_WARN_OBJC_IMPLICIT_RETAIN_SELF = YES;
				CLANG_WARN_OBJC_LITERAL_CONVERSION = YES;
				CLANG_WARN_OBJC_ROOT_CLASS = YES_ERROR;
				CLANG_WARN_RANGE_LOOP_ANALYSIS = YES;
				CLANG_WARN_STRICT_PROTOTYPES = YES;
				CLANG_WARN_SUSPICIOUS_MOVE = YES;
				CLANG_WARN_UNGUARDED_AVAILABILITY = YES_AGGRESSIVE;
				CLANG_WARN_UNREACHABLE_CODE = YES;
				CLANG_WARN__DUPLICATE_METHOD_MATCH = YES;
				CODE_SIGN_IDENTITY = "iPhone Developer";
				COPY_PHASE_STRIP = NO;
				DEBUG_INFORMATION_FORMAT = dwarf;
				ENABLE_STRICT_OBJC_MSGSEND = YES;
				ENABLE_TESTABILITY = YES;
				GCC_C_LANGUAGE_STANDARD = gnu11;
				GCC_DYNAMIC_NO_PIC = NO;
				GCC_NO_COMMON_BLOCKS = YES;
				GCC_OPTIMIZATION_LEVEL = 0;
				GCC_PREPROCESSOR_DEFINITIONS = (
					"DEBUG=1",
					"$(inherited)",
				);
				GCC_WARN_64_TO_32_BIT_CONVERSION = YES;
				GCC_WARN_ABOUT_RETURN_TYPE = YES_ERROR;
				GCC_WARN_UNDECLARED_SELECTOR = YES;
				GCC_WARN_UNINITIALIZED_AUTOS = YES_AGGRESSIVE;
				GCC_WARN_UNUSED_FUNCTION = YES;
				GCC_WARN_UNUSED_VARIABLE = YES;
				IPHONEOS_DEPLOYMENT_TARGET = 12.1;
				MTL_ENABLE_DEBUG_INFO = INCLUDE_SOURCE;
				MTL_FAST_MATH = YES;
				ONLY_ACTIVE_ARCH = YES;
				SDKROOT = iphoneos;
				SWIFT_ACTIVE_COMPILATION_CONDITIONS = DEBUG;
				SWIFT_OPTIMIZATION_LEVEL = "-Onone";
			};
			name = Debug;
		};
		8EFEF47C2243740F006BA13C /* Release */ = {
			isa = XCBuildConfiguration;
			buildSettings = {
				ALWAYS_SEARCH_USER_PATHS = NO;
				CLANG_ANALYZER_NONNULL = YES;
				CLANG_ANALYZER_NUMBER_OBJECT_CONVERSION = YES_AGGRESSIVE;
				CLANG_CXX_LANGUAGE_STANDARD = "gnu++14";
				CLANG_CXX_LIBRARY = "libc++";
				CLANG_ENABLE_MODULES = YES;
				CLANG_ENABLE_OBJC_ARC = YES;
				CLANG_ENABLE_OBJC_WEAK = YES;
				CLANG_WARN_BLOCK_CAPTURE_AUTORELEASING = YES;
				CLANG_WARN_BOOL_CONVERSION = YES;
				CLANG_WARN_COMMA = YES;
				CLANG_WARN_CONSTANT_CONVERSION = YES;
				CLANG_WARN_DEPRECATED_OBJC_IMPLEMENTATIONS = YES;
				CLANG_WARN_DIRECT_OBJC_ISA_USAGE = YES_ERROR;
				CLANG_WARN_DOCUMENTATION_COMMENTS = YES;
				CLANG_WARN_EMPTY_BODY = YES;
				CLANG_WARN_ENUM_CONVERSION = YES;
				CLANG_WARN_INFINITE_RECURSION = YES;
				CLANG_WARN_INT_CONVERSION = YES;
				CLANG_WARN_NON_LITERAL_NULL_CONVERSION = YES;
				CLANG_WARN_OBJC_IMPLICIT_RETAIN_SELF = YES;
				CLANG_WARN_OBJC_LITERAL_CONVERSION = YES;
				CLANG_WARN_OBJC_ROOT_CLASS = YES_ERROR;
				CLANG_WARN_RANGE_LOOP_ANALYSIS = YES;
				CLANG_WARN_STRICT_PROTOTYPES = YES;
				CLANG_WARN_SUSPICIOUS_MOVE = YES;
				CLANG_WARN_UNGUARDED_AVAILABILITY = YES_AGGRESSIVE;
				CLANG_WARN_UNREACHABLE_CODE = YES;
				CLANG_WARN__DUPLICATE_METHOD_MATCH = YES;
				CODE_SIGN_IDENTITY = "iPhone Developer";
				COPY_PHASE_STRIP = NO;
				DEBUG_INFORMATION_FORMAT = "dwarf-with-dsym";
				ENABLE_NS_ASSERTIONS = NO;
				ENABLE_STRICT_OBJC_MSGSEND = YES;
				GCC_C_LANGUAGE_STANDARD = gnu11;
				GCC_NO_COMMON_BLOCKS = YES;
				GCC_WARN_64_TO_32_BIT_CONVERSION = YES;
				GCC_WARN_ABOUT_RETURN_TYPE = YES_ERROR;
				GCC_WARN_UNDECLARED_SELECTOR = YES;
				GCC_WARN_UNINITIALIZED_AUTOS = YES_AGGRESSIVE;
				GCC_WARN_UNUSED_FUNCTION = YES;
				GCC_WARN_UNUSED_VARIABLE = YES;
				IPHONEOS_DEPLOYMENT_TARGET = 12.1;
				MTL_ENABLE_DEBUG_INFO = NO;
				MTL_FAST_MATH = YES;
				SDKROOT = iphoneos;
				SWIFT_COMPILATION_MODE = wholemodule;
				SWIFT_OPTIMIZATION_LEVEL = "-O";
				VALIDATE_PRODUCT = YES;
			};
			name = Release;
		};
		8EFEF47E2243740F006BA13C /* Debug */ = {
			isa = XCBuildConfiguration;
			buildSettings = {
				ASSETCATALOG_COMPILER_APPICON_NAME = AppIcon;
				CODE_SIGN_STYLE = Automatic;
				DEVELOPMENT_TEAM = XV66577Z9Z;
				INFOPLIST_FILE = StreetView/Info.plist;
				LD_RUNPATH_SEARCH_PATHS = (
					"$(inherited)",
					"@executable_path/Frameworks",
				);
				PRODUCT_BUNDLE_IDENTIFIER = pl.czerniak.StreetView;
				PRODUCT_NAME = "$(TARGET_NAME)";
				SWIFT_VERSION = 4.2;
				TARGETED_DEVICE_FAMILY = "1,2";
			};
			name = Debug;
		};
		8EFEF47F2243740F006BA13C /* Release */ = {
			isa = XCBuildConfiguration;
			buildSettings = {
				ASSETCATALOG_COMPILER_APPICON_NAME = AppIcon;
				CODE_SIGN_STYLE = Automatic;
				DEVELOPMENT_TEAM = XV66577Z9Z;
				INFOPLIST_FILE = StreetView/Info.plist;
				LD_RUNPATH_SEARCH_PATHS = (
					"$(inherited)",
					"@executable_path/Frameworks",
				);
				PRODUCT_BUNDLE_IDENTIFIER = pl.czerniak.StreetView;
				PRODUCT_NAME = "$(TARGET_NAME)";
				SWIFT_VERSION = 4.2;
				TARGETED_DEVICE_FAMILY = "1,2";
			};
			name = Release;
		};
/* End XCBuildConfiguration section */

/* Begin XCConfigurationList section */
		8EFEF4662243740C006BA13C /* Build configuration list for PBXProject "StreetView" */ = {
			isa = XCConfigurationList;
			buildConfigurations = (
				8EFEF47B2243740F006BA13C /* Debug */,
				8EFEF47C2243740F006BA13C /* Release */,
			);
			defaultConfigurationIsVisible = 0;
			defaultConfigurationName = Release;
		};
		8EFEF47D2243740F006BA13C /* Build configuration list for PBXNativeTarget "StreetView" */ = {
			isa = XCConfigurationList;
			buildConfigurations = (
				8EFEF47E2243740F006BA13C /* Debug */,
				8EFEF47F2243740F006BA13C /* Release */,
			);
			defaultConfigurationIsVisible = 0;
			defaultConfigurationName = Release;
		};
/* End XCConfigurationList section */
	};
	rootObject = 8EFEF4632243740C006BA13C /* Project object */;
}
