// !$*UTF8*$!
{
	archiveVersion = 1;
	classes = {
	};
	objectVersion = 50;
	objects = {

/* Begin PBXBuildFile section */
		8E588E0E224D3B8C00C5B3DC /* FlowDataSource.swift in Sources */ = {isa = PBXBuildFile; fileRef = 8E588E0D224D3B8C00C5B3DC /* FlowDataSource.swift */; };
		8EED51FA224A91CE005CAC21 /* AppDelegate.swift in Sources */ = {isa = PBXBuildFile; fileRef = 8EED51F9224A91CE005CAC21 /* AppDelegate.swift */; };
		8EED51FC224A91CE005CAC21 /* ViewController.swift in Sources */ = {isa = PBXBuildFile; fileRef = 8EED51FB224A91CE005CAC21 /* ViewController.swift */; };
		8EED51FF224A91CE005CAC21 /* Main.storyboard in Resources */ = {isa = PBXBuildFile; fileRef = 8EED51FD224A91CE005CAC21 /* Main.storyboard */; };
		8EED5201224A91D1005CAC21 /* Assets.xcassets in Resources */ = {isa = PBXBuildFile; fileRef = 8EED5200224A91D1005CAC21 /* Assets.xcassets */; };
		8EED5204224A91D1005CAC21 /* LaunchScreen.storyboard in Resources */ = {isa = PBXBuildFile; fileRef = 8EED5202224A91D1005CAC21 /* LaunchScreen.storyboard */; };
		8EED520C224A9352005CAC21 /* FlowLayout.swift in Sources */ = {isa = PBXBuildFile; fileRef = 8EED520B224A9352005CAC21 /* FlowLayout.swift */; };
		8EED520E224A93ED005CAC21 /* FlowCell.swift in Sources */ = {isa = PBXBuildFile; fileRef = 8EED520D224A93ED005CAC21 /* FlowCell.swift */; };
		8EED5210224A944B005CAC21 /* FlowLayoutAttributes.swift in Sources */ = {isa = PBXBuildFile; fileRef = 8EED520F224A944B005CAC21 /* FlowLayoutAttributes.swift */; };
/* End PBXBuildFile section */

/* Begin PBXFileReference section */
		8E588E0D224D3B8C00C5B3DC /* FlowDataSource.swift */ = {isa = PBXFileReference; lastKnownFileType = sourcecode.swift; path = FlowDataSource.swift; sourceTree = "<group>"; };
		8EED51F6224A91CE005CAC21 /* Flow.app */ = {isa = PBXFileReference; explicitFileType = wrapper.application; includeInIndex = 0; path = Flow.app; sourceTree = BUILT_PRODUCTS_DIR; };
		8EED51F9224A91CE005CAC21 /* AppDelegate.swift */ = {isa = PBXFileReference; lastKnownFileType = sourcecode.swift; path = AppDelegate.swift; sourceTree = "<group>"; };
		8EED51FB224A91CE005CAC21 /* ViewController.swift */ = {isa = PBXFileReference; lastKnownFileType = sourcecode.swift; path = ViewController.swift; sourceTree = "<group>"; };
		8EED51FE224A91CE005CAC21 /* Base */ = {isa = PBXFileReference; lastKnownFileType = file.storyboard; name = Base; path = Base.lproj/Main.storyboard; sourceTree = "<group>"; };
		8EED5200224A91D1005CAC21 /* Assets.xcassets */ = {isa = PBXFileReference; lastKnownFileType = folder.assetcatalog; path = Assets.xcassets; sourceTree = "<group>"; };
		8EED5203224A91D1005CAC21 /* Base */ = {isa = PBXFileReference; lastKnownFileType = file.storyboard; name = Base; path = Base.lproj/LaunchScreen.storyboard; sourceTree = "<group>"; };
		8EED5205224A91D1005CAC21 /* Info.plist */ = {isa = PBXFileReference; lastKnownFileType = text.plist.xml; path = Info.plist; sourceTree = "<group>"; };
		8EED520B224A9352005CAC21 /* FlowLayout.swift */ = {isa = PBXFileReference; lastKnownFileType = sourcecode.swift; path = FlowLayout.swift; sourceTree = "<group>"; };
		8EED520D224A93ED005CAC21 /* FlowCell.swift */ = {isa = PBXFileReference; lastKnownFileType = sourcecode.swift; path = FlowCell.swift; sourceTree = "<group>"; };
		8EED520F224A944B005CAC21 /* FlowLayoutAttributes.swift */ = {isa = PBXFileReference; lastKnownFileType = sourcecode.swift; path = FlowLayoutAttributes.swift; sourceTree = "<group>"; };
/* End PBXFileReference section */

/* Begin PBXFrameworksBuildPhase section */
		8EED51F3224A91CE005CAC21 /* Frameworks */ = {
			isa = PBXFrameworksBuildPhase;
			buildActionMask = 2147483647;
			files = (
			);
			runOnlyForDeploymentPostprocessing = 0;
		};
/* End PBXFrameworksBuildPhase section */

/* Begin PBXGroup section */
		8EED51ED224A91CE005CAC21 = {
			isa = PBXGroup;
			children = (
				8EED51F8224A91CE005CAC21 /* Flow */,
				8EED51F7224A91CE005CAC21 /* Products */,
			);
			sourceTree = "<group>";
		};
		8EED51F7224A91CE005CAC21 /* Products */ = {
			isa = PBXGroup;
			children = (
				8EED51F6224A91CE005CAC21 /* Flow.app */,
			);
			name = Products;
			sourceTree = "<group>";
		};
		8EED51F8224A91CE005CAC21 /* Flow */ = {
			isa = PBXGroup;
			children = (
				8EED51F9224A91CE005CAC21 /* AppDelegate.swift */,
				8EED51FB224A91CE005CAC21 /* ViewController.swift */,
				8EED51FD224A91CE005CAC21 /* Main.storyboard */,
				8EED5200224A91D1005CAC21 /* Assets.xcassets */,
				8EED5202224A91D1005CAC21 /* LaunchScreen.storyboard */,
				8EED5205224A91D1005CAC21 /* Info.plist */,
				8EED520B224A9352005CAC21 /* FlowLayout.swift */,
				8EED520D224A93ED005CAC21 /* FlowCell.swift */,
				8EED520F224A944B005CAC21 /* FlowLayoutAttributes.swift */,
				8E588E0D224D3B8C00C5B3DC /* FlowDataSource.swift */,
			);
			path = Flow;
			sourceTree = "<group>";
		};
/* End PBXGroup section */

/* Begin PBXNativeTarget section */
		8EED51F5224A91CE005CAC21 /* Flow */ = {
			isa = PBXNativeTarget;
			buildConfigurationList = 8EED5208224A91D1005CAC21 /* Build configuration list for PBXNativeTarget "Flow" */;
			buildPhases = (
				8EED51F2224A91CE005CAC21 /* Sources */,
				8EED51F3224A91CE005CAC21 /* Frameworks */,
				8EED51F4224A91CE005CAC21 /* Resources */,
			);
			buildRules = (
			);
			dependencies = (
			);
			name = Flow;
			productName = Flow;
			productReference = 8EED51F6224A91CE005CAC21 /* Flow.app */;
			productType = "com.apple.product-type.application";
		};
/* End PBXNativeTarget section */

/* Begin PBXProject section */
		8EED51EE224A91CE005CAC21 /* Project object */ = {
			isa = PBXProject;
			attributes = {
				LastSwiftUpdateCheck = 1010;
				LastUpgradeCheck = 1010;
				ORGANIZATIONNAME = "Kamil Czerniak";
				TargetAttributes = {
					8EED51F5224A91CE005CAC21 = {
						CreatedOnToolsVersion = 10.1;
						LastSwiftMigration = 1020;
					};
				};
			};
			buildConfigurationList = 8EED51F1224A91CE005CAC21 /* Build configuration list for PBXProject "Flow" */;
			compatibilityVersion = "Xcode 9.3";
			developmentRegion = en;
			hasScannedForEncodings = 0;
			knownRegions = (
				en,
				Base,
			);
			mainGroup = 8EED51ED224A91CE005CAC21;
			productRefGroup = 8EED51F7224A91CE005CAC21 /* Products */;
			projectDirPath = "";
			projectRoot = "";
			targets = (
				8EED51F5224A91CE005CAC21 /* Flow */,
			);
		};
/* End PBXProject section */

/* Begin PBXResourcesBuildPhase section */
		8EED51F4224A91CE005CAC21 /* Resources */ = {
			isa = PBXResourcesBuildPhase;
			buildActionMask = 2147483647;
			files = (
				8EED5204224A91D1005CAC21 /* LaunchScreen.storyboard in Resources */,
				8EED5201224A91D1005CAC21 /* Assets.xcassets in Resources */,
				8EED51FF224A91CE005CAC21 /* Main.storyboard in Resources */,
			);
			runOnlyForDeploymentPostprocessing = 0;
		};
/* End PBXResourcesBuildPhase section */

/* Begin PBXSourcesBuildPhase section */
		8EED51F2224A91CE005CAC21 /* Sources */ = {
			isa = PBXSourcesBuildPhase;
			buildActionMask = 2147483647;
			files = (
				8EED51FC224A91CE005CAC21 /* ViewController.swift in Sources */,
				8E588E0E224D3B8C00C5B3DC /* FlowDataSource.swift in Sources */,
				8EED5210224A944B005CAC21 /* FlowLayoutAttributes.swift in Sources */,
				8EED520C224A9352005CAC21 /* FlowLayout.swift in Sources */,
				8EED520E224A93ED005CAC21 /* FlowCell.swift in Sources */,
				8EED51FA224A91CE005CAC21 /* AppDelegate.swift in Sources */,
			);
			runOnlyForDeploymentPostprocessing = 0;
		};
/* End PBXSourcesBuildPhase section */

/* Begin PBXVariantGroup section */
		8EED51FD224A91CE005CAC21 /* Main.storyboard */ = {
			isa = PBXVariantGroup;
			children = (
				8EED51FE224A91CE005CAC21 /* Base */,
			);
			name = Main.storyboard;
			sourceTree = "<group>";
		};
		8EED5202224A91D1005CAC21 /* LaunchScreen.storyboard */ = {
			isa = PBXVariantGroup;
			children = (
				8EED5203224A91D1005CAC21 /* Base */,
			);
			name = LaunchScreen.storyboard;
			sourceTree = "<group>";
		};
/* End PBXVariantGroup section */

/* Begin XCBuildConfiguration section */
		8EED5206224A91D1005CAC21 /* Debug */ = {
			isa = XCBuildConfiguration;
			buildSettings = {
				ALWAYS_SEARCH_USER_PATHS = NO;
				CLANG_ANALYZER_NONNULL = YES;
				CLANG_ANALYZER_NUMBER_OBJECT_CONVERSION = YES_AGGRESSIVE;
				CLANG_CXX_LANGUAGE_STANDARD = "gnu++14";
				CLANG_CXX_LIBRARY = "libc++";
				CLANG_ENABLE_MODULES = YES;
				CLANG_ENABLE_OBJC_ARC = YES;
				CLANG_ENABLE_OBJC_WEAK = YES;
				CLANG_WARN_BLOCK_CAPTURE_AUTORELEASING = YES;
				CLANG_WARN_BOOL_CONVERSION = YES;
				CLANG_WARN_COMMA = YES;
				CLANG_WARN_CONSTANT_CONVERSION = YES;
				CLANG_WARN_DEPRECATED_OBJC_IMPLEMENTATIONS = YES;
				CLANG_WARN_DIRECT_OBJC_ISA_USAGE = YES_ERROR;
				CLANG_WARN_DOCUMENTATION_COMMENTS = YES;
				CLANG_WARN_EMPTY_BODY = YES;
				CLANG_WARN_ENUM_CONVERSION = YES;
				CLANG_WARN_INFINITE_RECURSION = YES;
				CLANG_WARN_INT_CONVERSION = YES;
				CLANG_WARN_NON_LITERAL_NULL_CONVERSION = YES;
				CLANG_WARN_OBJC_IMPLICIT_RETAIN_SELF = YES;
				CLANG_WARN_OBJC_LITERAL_CONVERSION = YES;
				CLANG_WARN_OBJC_ROOT_CLASS = YES_ERROR;
				CLANG_WARN_RANGE_LOOP_ANALYSIS = YES;
				CLANG_WARN_STRICT_PROTOTYPES = YES;
				CLANG_WARN_SUSPICIOUS_MOVE = YES;
				CLANG_WARN_UNGUARDED_AVAILABILITY = YES_AGGRESSIVE;
				CLANG_WARN_UNREACHABLE_CODE = YES;
				CLANG_WARN__DUPLICATE_METHOD_MATCH = YES;
				CODE_SIGN_IDENTITY = "iPhone Developer";
				COPY_PHASE_STRIP = NO;
				DEBUG_INFORMATION_FORMAT = dwarf;
				ENABLE_STRICT_OBJC_MSGSEND = YES;
				ENABLE_TESTABILITY = YES;
				GCC_C_LANGUAGE_STANDARD = gnu11;
				GCC_DYNAMIC_NO_PIC = NO;
				GCC_NO_COMMON_BLOCKS = YES;
				GCC_OPTIMIZATION_LEVEL = 0;
				GCC_PREPROCESSOR_DEFINITIONS = (
					"DEBUG=1",
					"$(inherited)",
				);
				GCC_WARN_64_TO_32_BIT_CONVERSION = YES;
				GCC_WARN_ABOUT_RETURN_TYPE = YES_ERROR;
				GCC_WARN_UNDECLARED_SELECTOR = YES;
				GCC_WARN_UNINITIALIZED_AUTOS = YES_AGGRESSIVE;
				GCC_WARN_UNUSED_FUNCTION = YES;
				GCC_WARN_UNUSED_VARIABLE = YES;
				IPHONEOS_DEPLOYMENT_TARGET = 12.1;
				MTL_ENABLE_DEBUG_INFO = INCLUDE_SOURCE;
				MTL_FAST_MATH = YES;
				ONLY_ACTIVE_ARCH = YES;
				SDKROOT = iphoneos;
				SWIFT_ACTIVE_COMPILATION_CONDITIONS = DEBUG;
				SWIFT_OPTIMIZATION_LEVEL = "-Onone";
			};
			name = Debug;
		};
		8EED5207224A91D1005CAC21 /* Release */ = {
			isa = XCBuildConfiguration;
			buildSettings = {
				ALWAYS_SEARCH_USER_PATHS = NO;
				CLANG_ANALYZER_NONNULL = YES;
				CLANG_ANALYZER_NUMBER_OBJECT_CONVERSION = YES_AGGRESSIVE;
				CLANG_CXX_LANGUAGE_STANDARD = "gnu++14";
				CLANG_CXX_LIBRARY = "libc++";
				CLANG_ENABLE_MODULES = YES;
				CLANG_ENABLE_OBJC_ARC = YES;
				CLANG_ENABLE_OBJC_WEAK = YES;
				CLANG_WARN_BLOCK_CAPTURE_AUTORELEASING = YES;
				CLANG_WARN_BOOL_CONVERSION = YES;
				CLANG_WARN_COMMA = YES;
				CLANG_WARN_CONSTANT_CONVERSION = YES;
				CLANG_WARN_DEPRECATED_OBJC_IMPLEMENTATIONS = YES;
				CLANG_WARN_DIRECT_OBJC_ISA_USAGE = YES_ERROR;
				CLANG_WARN_DOCUMENTATION_COMMENTS = YES;
				CLANG_WARN_EMPTY_BODY = YES;
				CLANG_WARN_ENUM_CONVERSION = YES;
				CLANG_WARN_INFINITE_RECURSION = YES;
				CLANG_WARN_INT_CONVERSION = YES;
				CLANG_WARN_NON_LITERAL_NULL_CONVERSION = YES;
				CLANG_WARN_OBJC_IMPLICIT_RETAIN_SELF = YES;
				CLANG_WARN_OBJC_LITERAL_CONVERSION = YES;
				CLANG_WARN_OBJC_ROOT_CLASS = YES_ERROR;
				CLANG_WARN_RANGE_LOOP_ANALYSIS = YES;
				CLANG_WARN_STRICT_PROTOTYPES = YES;
				CLANG_WARN_SUSPICIOUS_MOVE = YES;
				CLANG_WARN_UNGUARDED_AVAILABILITY = YES_AGGRESSIVE;
				CLANG_WARN_UNREACHABLE_CODE = YES;
				CLANG_WARN__DUPLICATE_METHOD_MATCH = YES;
				CODE_SIGN_IDENTITY = "iPhone Developer";
				COPY_PHASE_STRIP = NO;
				DEBUG_INFORMATION_FORMAT = "dwarf-with-dsym";
				ENABLE_NS_ASSERTIONS = NO;
				ENABLE_STRICT_OBJC_MSGSEND = YES;
				GCC_C_LANGUAGE_STANDARD = gnu11;
				GCC_NO_COMMON_BLOCKS = YES;
				GCC_WARN_64_TO_32_BIT_CONVERSION = YES;
				GCC_WARN_ABOUT_RETURN_TYPE = YES_ERROR;
				GCC_WARN_UNDECLARED_SELECTOR = YES;
				GCC_WARN_UNINITIALIZED_AUTOS = YES_AGGRESSIVE;
				GCC_WARN_UNUSED_FUNCTION = YES;
				GCC_WARN_UNUSED_VARIABLE = YES;
				IPHONEOS_DEPLOYMENT_TARGET = 12.1;
				MTL_ENABLE_DEBUG_INFO = NO;
				MTL_FAST_MATH = YES;
				SDKROOT = iphoneos;
				SWIFT_COMPILATION_MODE = wholemodule;
				SWIFT_OPTIMIZATION_LEVEL = "-O";
				VALIDATE_PRODUCT = YES;
			};
			name = Release;
		};
		8EED5209224A91D1005CAC21 /* Debug */ = {
			isa = XCBuildConfiguration;
			buildSettings = {
				ASSETCATALOG_COMPILER_APPICON_NAME = AppIcon;
				CODE_SIGN_STYLE = Automatic;
				DEVELOPMENT_TEAM = XV66577Z9Z;
				INFOPLIST_FILE = Flow/Info.plist;
				LD_RUNPATH_SEARCH_PATHS = (
					"$(inherited)",
					"@executable_path/Frameworks",
				);
				PRODUCT_BUNDLE_IDENTIFIER = pl.czerniak.Flow;
				PRODUCT_NAME = "$(TARGET_NAME)";
				SWIFT_VERSION = 5.0;
				TARGETED_DEVICE_FAMILY = "1,2";
			};
			name = Debug;
		};
		8EED520A224A91D1005CAC21 /* Release */ = {
			isa = XCBuildConfiguration;
			buildSettings = {
				ASSETCATALOG_COMPILER_APPICON_NAME = AppIcon;
				CODE_SIGN_STYLE = Automatic;
				DEVELOPMENT_TEAM = XV66577Z9Z;
				INFOPLIST_FILE = Flow/Info.plist;
				LD_RUNPATH_SEARCH_PATHS = (
					"$(inherited)",
					"@executable_path/Frameworks",
				);
				PRODUCT_BUNDLE_IDENTIFIER = pl.czerniak.Flow;
				PRODUCT_NAME = "$(TARGET_NAME)";
				SWIFT_VERSION = 5.0;
				TARGETED_DEVICE_FAMILY = "1,2";
			};
			name = Release;
		};
/* End XCBuildConfiguration section */

/* Begin XCConfigurationList section */
		8EED51F1224A91CE005CAC21 /* Build configuration list for PBXProject "Flow" */ = {
			isa = XCConfigurationList;
			buildConfigurations = (
				8EED5206224A91D1005CAC21 /* Debug */,
				8EED5207224A91D1005CAC21 /* Release */,
			);
			defaultConfigurationIsVisible = 0;
			defaultConfigurationName = Release;
		};
		8EED5208224A91D1005CAC21 /* Build configuration list for PBXNativeTarget "Flow" */ = {
			isa = XCConfigurationList;
			buildConfigurations = (
				8EED5209224A91D1005CAC21 /* Debug */,
				8EED520A224A91D1005CAC21 /* Release */,
			);
			defaultConfigurationIsVisible = 0;
			defaultConfigurationName = Release;
		};
/* End XCConfigurationList section */
	};
	rootObject = 8EED51EE224A91CE005CAC21 /* Project object */;
}
